
Microsoft Visual Studio Solution File, Format Version 12.00
# Visual Studio Version 17
VisualStudioVersion = 17.0.31903.59
MinimumVisualStudioVersion = 10.0.40219.1
Project("{2150E333-8FDC-42A3-9474-1A3956D46DE8}") = "b-Code-HistoryMinerva", "b-Code-HistoryMinerva", "{479194ED-EEAB-A262-8402-161CF2588B79}"
EndProject
Project("{2150E333-8FDC-42A3-9474-1A3956D46DE8}") = "src", "src", "{AE64DD65-0A8E-6E31-03F3-2BBB36FA724E}"
EndProject
Project("{FAE04EC0-301F-11D3-BF4B-00C04F79EFBC}") = "HistoryMinerva.Contracts", "b-Code-HistoryMinerva\src\HistoryMinerva.Contracts\HistoryMinerva.Contracts.csproj", "{C3D50374-5708-4A48-B18D-F1A5AD0E54D6}"
EndProject
Project("{FAE04EC0-301F-11D3-BF4B-00C04F79EFBC}") = "HistoryMinerva.Worker", "b-Code-HistoryMinerva\src\HistoryMinerva.Worker\HistoryMinerva.Worker.csproj", "{EF6F34D0-A5A1-4C99-A32E-B408311D5DA5}"
EndProject
Project("{FAE04EC0-301F-11D3-BF4B-00C04F79EFBC}") = "HistoryMinerva", "b-Code-HistoryMinerva\src\HistoryMinerva\HistoryMinerva.csproj", "{1DC346C7-4EAF-4149-A443-DB85BC3B6E30}"
EndProject
Project("{FAE04EC0-301F-11D3-BF4B-00C04F79EFBC}") = "HistoryMinerva.Smoke", "b-Code-HistoryMinerva-Tests\tests\HistoryMinerva.Smoke\HistoryMinerva.Smoke.csproj", "{31BAD1C1-25C6-4D72-99E9-2103871D3906}"
EndProject
Project("{FAE04EC0-301F-11D3-BF4B-00C04F79EFBC}") = "HistoryMinerva.UiSmoke", "b-Code-HistoryMinerva-Tests\tests\HistoryMinerva.UiSmoke\HistoryMinerva.UiSmoke.csproj", "{E65418AF-1789-4F06-ACB2-A7004AA3C75F}"
EndProject
Global
	GlobalSection(SolutionConfigurationPlatforms) = preSolution
		Debug|Any CPU = Debug|Any CPU
		Debug|x64 = Debug|x64
		Debug|x86 = Debug|x86
		Release|Any CPU = Release|Any CPU
		Release|x64 = Release|x64
		Release|x86 = Release|x86
	EndGlobalSection
	GlobalSection(ProjectConfigurationPlatforms) = postSolution
		{C3D50374-5708-4A48-B18D-F1A5AD0E54D6}.Debug|Any CPU.ActiveCfg = Debug|Any CPU
		{C3D50374-5708-4A48-B18D-F1A5AD0E54D6}.Debug|Any CPU.Build.0 = Debug|Any CPU
		{C3D50374-5708-4A48-B18D-F1A5AD0E54D6}.Debug|x64.ActiveCfg = Debug|Any CPU
		{C3D50374-5708-4A48-B18D-F1A5AD0E54D6}.Debug|x64.Build.0 = Debug|Any CPU
		{C3D50374-5708-4A48-B18D-F1A5AD0E54D6}.Debug|x86.ActiveCfg = Debug|Any CPU
		{C3D50374-5708-4A48-B18D-F1A5AD0E54D6}.Debug|x86.Build.0 = Debug|Any CPU
		{C3D50374-5708-4A48-B18D-F1A5AD0E54D6}.Release|Any CPU.ActiveCfg = Release|Any CPU
		{C3D50374-5708-4A48-B18D-F1A5AD0E54D6}.Release|Any CPU.Build.0 = Release|Any CPU
		{C3D50374-5708-4A48-B18D-F1A5AD0E54D6}.Release|x64.ActiveCfg = Release|Any CPU
		{C3D50374-5708-4A48-B18D-F1A5AD0E54D6}.Release|x64.Build.0 = Release|Any CPU
		{C3D50374-5708-4A48-B18D-F1A5AD0E54D6}.Release|x86.ActiveCfg = Release|Any CPU
		{C3D50374-5708-4A48-B18D-F1A5AD0E54D6}.Release|x86.Build.0 = Release|Any CPU
		{EF6F34D0-A5A1-4C99-A32E-B408311D5DA5}.Debug|Any CPU.ActiveCfg = Debug|Any CPU
		{EF6F34D0-A5A1-4C99-A32E-B408311D5DA5}.Debug|Any CPU.Build.0 = Debug|Any CPU
		{EF6F34D0-A5A1-4C99-A32E-B408311D5DA5}.Debug|x64.ActiveCfg = Debug|Any CPU
		{EF6F34D0-A5A1-4C99-A32E-B408311D5DA5}.Debug|x64.Build.0 = Debug|Any CPU
		{EF6F34D0-A5A1-4C99-A32E-B408311D5DA5}.Debug|x86.ActiveCfg = Debug|Any CPU
		{EF6F34D0-A5A1-4C99-A32E-B408311D5DA5}.Debug|x86.Build.0 = Debug|Any CPU
		{EF6F34D0-A5A1-4C99-A32E-B408311D5DA5}.Release|Any CPU.ActiveCfg = Release|Any CPU
		{EF6F34D0-A5A1-4C99-A32E-B408311D5DA5}.Release|Any CPU.Build.0 = Release|Any CPU
		{EF6F34D0-A5A1-4C99-A32E-B408311D5DA5}.Release|x64.ActiveCfg = Release|Any CPU
		{EF6F34D0-A5A1-4C99-A32E-B408311D5DA5}.Release|x64.Build.0 = Release|Any CPU
		{EF6F34D0-A5A1-4C99-A32E-B408311D5DA5}.Release|x86.ActiveCfg = Release|Any CPU
		{EF6F34D0-A5A1-4C99-A32E-B408311D5DA5}.Release|x86.Build.0 = Release|Any CPU
		{1DC346C7-4EAF-4149-A443-DB85BC3B6E30}.Debug|Any CPU.ActiveCfg = Debug|Any CPU
		{1DC346C7-4EAF-4149-A443-DB85BC3B6E30}.Debug|Any CPU.Build.0 = Debug|Any CPU
		{1DC346C7-4EAF-4149-A443-DB85BC3B6E30}.Debug|x64.ActiveCfg = Debug|Any CPU
		{1DC346C7-4EAF-4149-A443-DB85BC3B6E30}.Debug|x64.Build.0 = Debug|Any CPU
		{1DC346C7-4EAF-4149-A443-DB85BC3B6E30}.Debug|x86.ActiveCfg = Debug|Any CPU
		{1DC346C7-4EAF-4149-A443-DB85BC3B6E30}.Debug|x86.Build.0 = Debug|Any CPU
		{1DC346C7-4EAF-4149-A443-DB85BC3B6E30}.Release|Any CPU.ActiveCfg = Release|Any CPU
		{1DC346C7-4EAF-4149-A443-DB85BC3B6E30}.Release|Any CPU.Build.0 = Release|Any CPU
		{1DC346C7-4EAF-4149-A443-DB85BC3B6E30}.Release|x64.ActiveCfg = Release|Any CPU
		{1DC346C7-4EAF-4149-A443-DB85BC3B6E30}.Release|x64.Build.0 = Release|Any CPU
		{1DC346C7-4EAF-4149-A443-DB85BC3B6E30}.Release|x86.ActiveCfg = Release|Any CPU
		{1DC346C7-4EAF-4149-A443-DB85BC3B6E30}.Release|x86.Build.0 = Release|Any CPU
		{31BAD1C1-25C6-4D72-99E9-2103871D3906}.Debug|Any CPU.ActiveCfg = Debug|Any CPU
		{31BAD1C1-25C6-4D72-99E9-2103871D3906}.Debug|Any CPU.Build.0 = Debug|Any CPU
		{31BAD1C1-25C6-4D72-99E9-2103871D3906}.Debug|x64.ActiveCfg = Debug|Any CPU
		{31BAD1C1-25C6-4D72-99E9-2103871D3906}.Debug|x64.Build.0 = Debug|Any CPU
		{31BAD1C1-25C6-4D72-99E9-2103871D3906}.Debug|x86.ActiveCfg = Debug|Any CPU
		{31BAD1C1-25C6-4D72-99E9-2103871D3906}.Debug|x86.Build.0 = Debug|Any CPU
		{31BAD1C1-25C6-4D72-99E9-2103871D3906}.Release|Any CPU.ActiveCfg = Release|Any CPU
		{31BAD1C1-25C6-4D72-99E9-2103871D3906}.Release|Any CPU.Build.0 = Release|Any CPU
		{31BAD1C1-25C6-4D72-99E9-2103871D3906}.Release|x64.ActiveCfg = Release|Any CPU
		{31BAD1C1-25C6-4D72-99E9-2103871D3906}.Release|x64.Build.0 = Release|Any CPU
		{31BAD1C1-25C6-4D72-99E9-2103871D3906}.Release|x86.ActiveCfg = Release|Any CPU
		{31BAD1C1-25C6-4D72-99E9-2103871D3906}.Release|x86.Build.0 = Release|Any CPU
		{E65418AF-1789-4F06-ACB2-A7004AA3C75F}.Debug|Any CPU.ActiveCfg = Debug|Any CPU
		{E65418AF-1789-4F06-ACB2-A7004AA3C75F}.Debug|Any CPU.Build.0 = Debug|Any CPU
		{E65418AF-1789-4F06-ACB2-A7004AA3C75F}.Debug|x64.ActiveCfg = Debug|Any CPU
		{E65418AF-1789-4F06-ACB2-A7004AA3C75F}.Debug|x64.Build.0 = Debug|Any CPU
		{E65418AF-1789-4F06-ACB2-A7004AA3C75F}.Debug|x86.ActiveCfg = Debug|Any CPU
		{E65418AF-1789-4F06-ACB2-A7004AA3C75F}.Debug|x86.Build.0 = Debug|Any CPU
		{E65418AF-1789-4F06-ACB2-A7004AA3C75F}.Release|Any CPU.ActiveCfg = Release|Any CPU
		{E65418AF-1789-4F06-ACB2-A7004AA3C75F}.Release|Any CPU.Build.0 = Release|Any CPU
		{E65418AF-1789-4F06-ACB2-A7004AA3C75F}.Release|x64.ActiveCfg = Release|Any CPU
		{E65418AF-1789-4F06-ACB2-A7004AA3C75F}.Release|x64.Build.0 = Release|Any CPU
		{E65418AF-1789-4F06-ACB2-A7004AA3C75F}.Release|x86.ActiveCfg = Release|Any CPU
		{E65418AF-1789-4F06-ACB2-A7004AA3C75F}.Release|x86.Build.0 = Release|Any CPU
	EndGlobalSection
	GlobalSection(SolutionProperties) = preSolution
		HideSolutionNode = FALSE
	EndGlobalSection
	GlobalSection(NestedProjects) = preSolution
		{AE64DD65-0A8E-6E31-03F3-2BBB36FA724E} = {479194ED-EEAB-A262-8402-161CF2588B79}
		{C3D50374-5708-4A48-B18D-F1A5AD0E54D6} = {AE64DD65-0A8E-6E31-03F3-2BBB36FA724E}
		{EF6F34D0-A5A1-4C99-A32E-B408311D5DA5} = {AE64DD65-0A8E-6E31-03F3-2BBB36FA724E}
		{1DC346C7-4EAF-4149-A443-DB85BC3B6E30} = {AE64DD65-0A8E-6E31-03F3-2BBB36FA724E}
		{31BAD1C1-25C6-4D72-99E9-2103871D3906} = {AE64DD65-0A8E-6E31-03F3-2BBB36FA724E}
		{E65418AF-1789-4F06-ACB2-A7004AA3C75F} = {AE64DD65-0A8E-6E31-03F3-2BBB36FA724E}
	EndGlobalSection
EndGlobal
