{
  "version": 1,
  "dependencies": {
    "net8.0-windows7.0": {
      "historyminerva": {
        "type": "Project",
        "dependencies": {
          "HistoryMinerva.Contracts": "[4.4.0, )"
        }
      },
      "historyminerva.contracts": {
        "type": "Project"
      },
      "historyminerva.worker": {
        "type": "Project",
        "dependencies": {
          "HistoryMinerva.Contracts": "[4.4.0, )"
        }
      }
    }
  }
}